// !$*UTF8*$!
{
	archiveVersion = 1;
	classes = {
	};
	objectVersion = 48;
	objects = {

/* Begin PBXBuildFile section */
		AA005DD41FB3A1970065F85C /* ImpactViewController.swift in Sources */ = {isa = PBXBuildFile; fileRef = AA005DD31FB3A1970065F85C /* ImpactViewController.swift */; };
		AA399CAA1FC35F7E00EB77C5 /* petable.swift in Sources */ = {isa = PBXBuildFile; fileRef = AA399CA91FC35F7E00EB77C5 /* petable.swift */; };
		AA399CAC1FC3605700EB77C5 /* Pupper.swift in Sources */ = {isa = PBXBuildFile; fileRef = AA399CAB1FC3605700EB77C5 /* Pupper.swift */; };
		AA51946B1FCF39DB00EEC062 /* InternetDetailViewController.swift in Sources */ = {isa = PBXBuildFile; fileRef = AA51946A1FCF39DB00EEC062 /* InternetDetailViewController.swift */; };
		AA5D7DC91FA256C100C7DA5D /* AppDelegate.swift in Sources */ = {isa = PBXBuildFile; fileRef = AA5D7DC81FA256C100C7DA5D /* AppDelegate.swift */; };
		AA5D7DCB1FA256C100C7DA5D /* ViewController.swift in Sources */ = {isa = PBXBuildFile; fileRef = AA5D7DCA1FA256C100C7DA5D /* ViewController.swift */; };
		AA5D7DCE1FA256C100C7DA5D /* Main.storyboard in Resources */ = {isa = PBXBuildFile; fileRef = AA5D7DCC1FA256C100C7DA5D /* Main.storyboard */; };
		AA5D7DD01FA256C100C7DA5D /* Assets.xcassets in Resources */ = {isa = PBXBuildFile; fileRef = AA5D7DCF1FA256C100C7DA5D /* Assets.xcassets */; };
		AA5D7DD31FA256C100C7DA5D /* LaunchScreen.storyboard in Resources */ = {isa = PBXBuildFile; fileRef = AA5D7DD11FA256C100C7DA5D /* LaunchScreen.storyboard */; };
		AA5D7DE41FA25AE900C7DA5D /* CreativityViewController.swift in Sources */ = {isa = PBXBuildFile; fileRef = AA5D7DE31FA25AE900C7DA5D /* CreativityViewController.swift */; };
		AA5D7DE81FA25B5C00C7DA5D /* AbstractionViewController.swift in Sources */ = {isa = PBXBuildFile; fileRef = AA5D7DE71FA25B5C00C7DA5D /* AbstractionViewController.swift */; };
		AA5D7DEA1FA25B6800C7DA5D /* DataViewController.swift in Sources */ = {isa = PBXBuildFile; fileRef = AA5D7DE91FA25B6800C7DA5D /* DataViewController.swift */; };
		AA5D7DEC1FA25B7400C7DA5D /* AlgorithmsViewController.swift in Sources */ = {isa = PBXBuildFile; fileRef = AA5D7DEB1FA25B7400C7DA5D /* AlgorithmsViewController.swift */; };
		AA5D7DEE1FA25B8600C7DA5D /* ProgrammingViewController.swift in Sources */ = {isa = PBXBuildFile; fileRef = AA5D7DED1FA25B8600C7DA5D /* ProgrammingViewController.swift */; };
		AA5D7DF01FA25B9500C7DA5D /* InternetMasterViewController.swift in Sources */ = {isa = PBXBuildFile; fileRef = AA5D7DEF1FA25B9500C7DA5D /* InternetMasterViewController.swift */; };
/* End PBXBuildFile section */

/* Begin PBXFileReference section */
		AA005DD21FB393290065F85C /* Connor_CSP.app */ = {isa = PBXFileReference; explicitFileType = wrapper.application; includeInIndex = 0; path = Connor_CSP.app; sourceTree = BUILT_PRODUCTS_DIR; };
		AA005DD31FB3A1970065F85C /* ImpactViewController.swift */ = {isa = PBXFileReference; lastKnownFileType = sourcecode.swift; path = ImpactViewController.swift; sourceTree = "<group>"; };
		AA399CA91FC35F7E00EB77C5 /* petable.swift */ = {isa = PBXFileReference; lastKnownFileType = sourcecode.swift; path = petable.swift; sourceTree = "<group>"; };
		AA399CAB1FC3605700EB77C5 /* Pupper.swift */ = {isa = PBXFileReference; lastKnownFileType = sourcecode.swift; path = Pupper.swift; sourceTree = "<group>"; };
		AA51946A1FCF39DB00EEC062 /* InternetDetailViewController.swift */ = {isa = PBXFileReference; lastKnownFileType = sourcecode.swift; path = InternetDetailViewController.swift; sourceTree = "<group>"; };
		AA5D7DC81FA256C100C7DA5D /* AppDelegate.swift */ = {isa = PBXFileReference; lastKnownFileType = sourcecode.swift; path = AppDelegate.swift; sourceTree = "<group>"; };
		AA5D7DCA1FA256C100C7DA5D /* ViewController.swift */ = {isa = PBXFileReference; lastKnownFileType = sourcecode.swift; path = ViewController.swift; sourceTree = "<group>"; };
		AA5D7DCD1FA256C100C7DA5D /* Base */ = {isa = PBXFileReference; lastKnownFileType = file.storyboard; name = Base; path = Base.lproj/Main.storyboard; sourceTree = "<group>"; };
		AA5D7DCF1FA256C100C7DA5D /* Assets.xcassets */ = {isa = PBXFileReference; lastKnownFileType = folder.assetcatalog; path = Assets.xcassets; sourceTree = "<group>"; };
		AA5D7DD21FA256C100C7DA5D /* Base */ = {isa = PBXFileReference; lastKnownFileType = file.storyboard; name = Base; path = Base.lproj/LaunchScreen.storyboard; sourceTree = "<group>"; };
		AA5D7DD41FA256C100C7DA5D /* Info.plist */ = {isa = PBXFileReference; lastKnownFileType = text.plist.xml; path = Info.plist; sourceTree = "<group>"; };
		AA5D7DE31FA25AE900C7DA5D /* CreativityViewController.swift */ = {isa = PBXFileReference; lastKnownFileType = sourcecode.swift; path = CreativityViewController.swift; sourceTree = "<group>"; };
		AA5D7DE71FA25B5C00C7DA5D /* AbstractionViewController.swift */ = {isa = PBXFileReference; lastKnownFileType = sourcecode.swift; path = AbstractionViewController.swift; sourceTree = "<group>"; };
		AA5D7DE91FA25B6800C7DA5D /* DataViewController.swift */ = {isa = PBXFileReference; lastKnownFileType = sourcecode.swift; path = DataViewController.swift; sourceTree = "<group>"; };
		AA5D7DEB1FA25B7400C7DA5D /* AlgorithmsViewController.swift */ = {isa = PBXFileReference; lastKnownFileType = sourcecode.swift; path = AlgorithmsViewController.swift; sourceTree = "<group>"; };
		AA5D7DED1FA25B8600C7DA5D /* ProgrammingViewController.swift */ = {isa = PBXFileReference; lastKnownFileType = sourcecode.swift; path = ProgrammingViewController.swift; sourceTree = "<group>"; };
		AA5D7DEF1FA25B9500C7DA5D /* InternetMasterViewController.swift */ = {isa = PBXFileReference; lastKnownFileType = sourcecode.swift; path = InternetMasterViewController.swift; sourceTree = "<group>"; };
/* End PBXFileReference section */

/* Begin PBXFrameworksBuildPhase section */
		AA5D7DC21FA256C100C7DA5D /* Frameworks */ = {
			isa = PBXFrameworksBuildPhase;
			buildActionMask = 2147483647;
			files = (
			);
			runOnlyForDeploymentPostprocessing = 0;
		};
/* End PBXFrameworksBuildPhase section */

/* Begin PBXGroup section */
		AA5D7DBC1FA256C100C7DA5D = {
			isa = PBXGroup;
			children = (
				AA5D7DDD1FA257F800C7DA5D /* Controller */,
				AA5D7DE01FA2581A00C7DA5D /* Resources */,
				AA5D7DDF1FA2581200C7DA5D /* Model */,
				AA5D7DDE1FA2580800C7DA5D /* View */,
				AA005DD21FB393290065F85C /* Connor_CSP.app */,
			);
			sourceTree = "<group>";
		};
		AA5D7DDD1FA257F800C7DA5D /* Controller */ = {
			isa = PBXGroup;
			children = (
				AA5D7DC81FA256C100C7DA5D /* AppDelegate.swift */,
				AA5D7DCA1FA256C100C7DA5D /* ViewController.swift */,
				AA5D7DE31FA25AE900C7DA5D /* CreativityViewController.swift */,
				AA5D7DE71FA25B5C00C7DA5D /* AbstractionViewController.swift */,
				AA5D7DE91FA25B6800C7DA5D /* DataViewController.swift */,
				AA5D7DEB1FA25B7400C7DA5D /* AlgorithmsViewController.swift */,
				AA5D7DED1FA25B8600C7DA5D /* ProgrammingViewController.swift */,
				AA5D7DEF1FA25B9500C7DA5D /* InternetMasterViewController.swift */,
				AA005DD31FB3A1970065F85C /* ImpactViewController.swift */,
				AA51946A1FCF39DB00EEC062 /* InternetDetailViewController.swift */,
			);
			path = Controller;
			sourceTree = "<group>";
		};
		AA5D7DDE1FA2580800C7DA5D /* View */ = {
			isa = PBXGroup;
			children = (
				AA5D7DCC1FA256C100C7DA5D /* Main.storyboard */,
				AA5D7DD11FA256C100C7DA5D /* LaunchScreen.storyboard */,
			);
			path = View;
			sourceTree = "<group>";
		};
		AA5D7DDF1FA2581200C7DA5D /* Model */ = {
			isa = PBXGroup;
			children = (
				AA399CA91FC35F7E00EB77C5 /* petable.swift */,
				AA399CAB1FC3605700EB77C5 /* Pupper.swift */,
			);
			path = Model;
			sourceTree = "<group>";
		};
		AA5D7DE01FA2581A00C7DA5D /* Resources */ = {
			isa = PBXGroup;
			children = (
				AA5D7DCF1FA256C100C7DA5D /* Assets.xcassets */,
				AA5D7DD41FA256C100C7DA5D /* Info.plist */,
			);
			path = Resources;
			sourceTree = "<group>";
		};
/* End PBXGroup section */

/* Begin PBXNativeTarget section */
		AA5D7DC41FA256C100C7DA5D /* Connor_CSP */ = {
			isa = PBXNativeTarget;
			buildConfigurationList = AA5D7DD71FA256C100C7DA5D /* Build configuration list for PBXNativeTarget "Connor_CSP" */;
			buildPhases = (
				AA5D7DC11FA256C100C7DA5D /* Sources */,
				AA5D7DC21FA256C100C7DA5D /* Frameworks */,
				AA5D7DC31FA256C100C7DA5D /* Resources */,
			);
			buildRules = (
			);
			dependencies = (
			);
			name = Connor_CSP;
			productName = Connor_CSP;
			productReference = AA005DD21FB393290065F85C /* Connor_CSP.app */;
			productType = "com.apple.product-type.application";
		};
/* End PBXNativeTarget section */

/* Begin PBXProject section */
		AA5D7DBD1FA256C100C7DA5D /* Project object */ = {
			isa = PBXProject;
			attributes = {
				LastSwiftUpdateCheck = 0900;
				LastUpgradeCheck = 0900;
				ORGANIZATIONNAME = CTEC;
				TargetAttributes = {
					AA5D7DC41FA256C100C7DA5D = {
						CreatedOnToolsVersion = 9.0;
						ProvisioningStyle = Automatic;
					};
				};
			};
			buildConfigurationList = AA5D7DC01FA256C100C7DA5D /* Build configuration list for PBXProject "Connor_CSP" */;
			compatibilityVersion = "Xcode 8.0";
			developmentRegion = en;
			hasScannedForEncodings = 0;
			knownRegions = (
				en,
				Base,
			);
			mainGroup = AA5D7DBC1FA256C100C7DA5D;
			productRefGroup = AA5D7DBC1FA256C100C7DA5D;
			projectDirPath = "";
			projectRoot = "";
			targets = (
				AA5D7DC41FA256C100C7DA5D /* Connor_CSP */,
			);
		};
/* End PBXProject section */

/* Begin PBXResourcesBuildPhase section */
		AA5D7DC31FA256C100C7DA5D /* Resources */ = {
			isa = PBXResourcesBuildPhase;
			buildActionMask = 2147483647;
			files = (
				AA5D7DD31FA256C100C7DA5D /* LaunchScreen.storyboard in Resources */,
				AA5D7DD01FA256C100C7DA5D /* Assets.xcassets in Resources */,
				AA5D7DCE1FA256C100C7DA5D /* Main.storyboard in Resources */,
			);
			runOnlyForDeploymentPostprocessing = 0;
		};
/* End PBXResourcesBuildPhase section */

/* Begin PBXSourcesBuildPhase section */
		AA5D7DC11FA256C100C7DA5D /* Sources */ = {
			isa = PBXSourcesBuildPhase;
			buildActionMask = 2147483647;
			files = (
				AA5D7DCB1FA256C100C7DA5D /* ViewController.swift in Sources */,
				AA399CAA1FC35F7E00EB77C5 /* petable.swift in Sources */,
				AA399CAC1FC3605700EB77C5 /* Pupper.swift in Sources */,
				AA005DD41FB3A1970065F85C /* ImpactViewController.swift in Sources */,
				AA51946B1FCF39DB00EEC062 /* InternetDetailViewController.swift in Sources */,
				AA5D7DEE1FA25B8600C7DA5D /* ProgrammingViewController.swift in Sources */,
				AA5D7DC91FA256C100C7DA5D /* AppDelegate.swift in Sources */,
				AA5D7DEA1FA25B6800C7DA5D /* DataViewController.swift in Sources */,
				AA5D7DE41FA25AE900C7DA5D /* CreativityViewController.swift in Sources */,
				AA5D7DEC1FA25B7400C7DA5D /* AlgorithmsViewController.swift in Sources */,
				AA5D7DE81FA25B5C00C7DA5D /* AbstractionViewController.swift in Sources */,
				AA5D7DF01FA25B9500C7DA5D /* InternetMasterViewController.swift in Sources */,
			);
			runOnlyForDeploymentPostprocessing = 0;
		};
/* End PBXSourcesBuildPhase section */

/* Begin PBXVariantGroup section */
		AA5D7DCC1FA256C100C7DA5D /* Main.storyboard */ = {
			isa = PBXVariantGroup;
			children = (
				AA5D7DCD1FA256C100C7DA5D /* Base */,
			);
			name = Main.storyboard;
			sourceTree = "<group>";
		};
		AA5D7DD11FA256C100C7DA5D /* LaunchScreen.storyboard */ = {
			isa = PBXVariantGroup;
			children = (
				AA5D7DD21FA256C100C7DA5D /* Base */,
			);
			name = LaunchScreen.storyboard;
			sourceTree = "<group>";
		};
/* End PBXVariantGroup section */

/* Begin XCBuildConfiguration section */
		AA5D7DD51FA256C100C7DA5D /* Debug */ = {
			isa = XCBuildConfiguration;
			buildSettings = {
				ALWAYS_SEARCH_USER_PATHS = NO;
				CLANG_ANALYZER_NONNULL = YES;
				CLANG_ANALYZER_NUMBER_OBJECT_CONVERSION = YES_AGGRESSIVE;
				CLANG_CXX_LANGUAGE_STANDARD = "gnu++14";
				CLANG_CXX_LIBRARY = "libc++";
				CLANG_ENABLE_MODULES = YES;
				CLANG_ENABLE_OBJC_ARC = YES;
				CLANG_WARN_BLOCK_CAPTURE_AUTORELEASING = YES;
				CLANG_WARN_BOOL_CONVERSION = YES;
				CLANG_WARN_COMMA = YES;
				CLANG_WARN_CONSTANT_CONVERSION = YES;
				CLANG_WARN_DIRECT_OBJC_ISA_USAGE = YES_ERROR;
				CLANG_WARN_DOCUMENTATION_COMMENTS = YES;
				CLANG_WARN_EMPTY_BODY = YES;
				CLANG_WARN_ENUM_CONVERSION = YES;
				CLANG_WARN_INFINITE_RECURSION = YES;
				CLANG_WARN_INT_CONVERSION = YES;
				CLANG_WARN_NON_LITERAL_NULL_CONVERSION = YES;
				CLANG_WARN_OBJC_LITERAL_CONVERSION = YES;
				CLANG_WARN_OBJC_ROOT_CLASS = YES_ERROR;
				CLANG_WARN_RANGE_LOOP_ANALYSIS = YES;
				CLANG_WARN_STRICT_PROTOTYPES = YES;
				CLANG_WARN_SUSPICIOUS_MOVE = YES;
				CLANG_WARN_UNGUARDED_AVAILABILITY = YES_AGGRESSIVE;
				CLANG_WARN_UNREACHABLE_CODE = YES;
				CLANG_WARN__DUPLICATE_METHOD_MATCH = YES;
				CODE_SIGN_IDENTITY = "iPhone Developer";
				COPY_PHASE_STRIP = NO;
				DEBUG_INFORMATION_FORMAT = dwarf;
				ENABLE_STRICT_OBJC_MSGSEND = YES;
				ENABLE_TESTABILITY = YES;
				GCC_C_LANGUAGE_STANDARD = gnu11;
				GCC_DYNAMIC_NO_PIC = NO;
				GCC_NO_COMMON_BLOCKS = YES;
				GCC_OPTIMIZATION_LEVEL = 0;
				GCC_PREPROCESSOR_DEFINITIONS = (
					"DEBUG=1",
					"$(inherited)",
				);
				GCC_WARN_64_TO_32_BIT_CONVERSION = YES;
				GCC_WARN_ABOUT_RETURN_TYPE = YES_ERROR;
				GCC_WARN_UNDECLARED_SELECTOR = YES;
				GCC_WARN_UNINITIALIZED_AUTOS = YES_AGGRESSIVE;
				GCC_WARN_UNUSED_FUNCTION = YES;
				GCC_WARN_UNUSED_VARIABLE = YES;
				IPHONEOS_DEPLOYMENT_TARGET = 11.0;
				MTL_ENABLE_DEBUG_INFO = YES;
				ONLY_ACTIVE_ARCH = YES;
				SDKROOT = iphoneos;
				SWIFT_ACTIVE_COMPILATION_CONDITIONS = DEBUG;
				SWIFT_OPTIMIZATION_LEVEL = "-Onone";
			};
			name = Debug;
		};
		AA5D7DD61FA256C100C7DA5D /* Release */ = {
			isa = XCBuildConfiguration;
			buildSettings = {
				ALWAYS_SEARCH_USER_PATHS = NO;
				CLANG_ANALYZER_NONNULL = YES;
				CLANG_ANALYZER_NUMBER_OBJECT_CONVERSION = YES_AGGRESSIVE;
				CLANG_CXX_LANGUAGE_STANDARD = "gnu++14";
				CLANG_CXX_LIBRARY = "libc++";
				CLANG_ENABLE_MODULES = YES;
				CLANG_ENABLE_OBJC_ARC = YES;
				CLANG_WARN_BLOCK_CAPTURE_AUTORELEASING = YES;
				CLANG_WARN_BOOL_CONVERSION = YES;
				CLANG_WARN_COMMA = YES;
				CLANG_WARN_CONSTANT_CONVERSION = YES;
				CLANG_WARN_DIRECT_OBJC_ISA_USAGE = YES_ERROR;
				CLANG_WARN_DOCUMENTATION_COMMENTS = YES;
				CLANG_WARN_EMPTY_BODY = YES;
				CLANG_WARN_ENUM_CONVERSION = YES;
				CLANG_WARN_INFINITE_RECURSION = YES;
				CLANG_WARN_INT_CONVERSION = YES;
				CLANG_WARN_NON_LITERAL_NULL_CONVERSION = YES;
				CLANG_WARN_OBJC_LITERAL_CONVERSION = YES;
				CLANG_WARN_OBJC_ROOT_CLASS = YES_ERROR;
				CLANG_WARN_RANGE_LOOP_ANALYSIS = YES;
				CLANG_WARN_STRICT_PROTOTYPES = YES;
				CLANG_WARN_SUSPICIOUS_MOVE = YES;
				CLANG_WARN_UNGUARDED_AVAILABILITY = YES_AGGRESSIVE;
				CLANG_WARN_UNREACHABLE_CODE = YES;
				CLANG_WARN__DUPLICATE_METHOD_MATCH = YES;
				CODE_SIGN_IDENTITY = "iPhone Developer";
				COPY_PHASE_STRIP = NO;
				DEBUG_INFORMATION_FORMAT = "dwarf-with-dsym";
				ENABLE_NS_ASSERTIONS = NO;
				ENABLE_STRICT_OBJC_MSGSEND = YES;
				GCC_C_LANGUAGE_STANDARD = gnu11;
				GCC_NO_COMMON_BLOCKS = YES;
				GCC_WARN_64_TO_32_BIT_CONVERSION = YES;
				GCC_WARN_ABOUT_RETURN_TYPE = YES_ERROR;
				GCC_WARN_UNDECLARED_SELECTOR = YES;
				GCC_WARN_UNINITIALIZED_AUTOS = YES_AGGRESSIVE;
				GCC_WARN_UNUSED_FUNCTION = YES;
				GCC_WARN_UNUSED_VARIABLE = YES;
				IPHONEOS_DEPLOYMENT_TARGET = 11.0;
				MTL_ENABLE_DEBUG_INFO = NO;
				SDKROOT = iphoneos;
				SWIFT_OPTIMIZATION_LEVEL = "-Owholemodule";
				VALIDATE_PRODUCT = YES;
			};
			name = Release;
		};
		AA5D7DD81FA256C100C7DA5D /* Debug */ = {
			isa = XCBuildConfiguration;
			buildSettings = {
				ASSETCATALOG_COMPILER_APPICON_NAME = AppIcon;
				"CODE_SIGN_IDENTITY[sdk=iphoneos*]" = "iPhone Developer";
				CODE_SIGN_STYLE = Automatic;
				DEVELOPMENT_TEAM = "";
				INFOPLIST_FILE = "$(SRCROOT)/Resources/Info.plist";
				LD_RUNPATH_SEARCH_PATHS = "$(inherited) @executable_path/Frameworks";
				PRODUCT_BUNDLE_IDENTIFIER = "CTEC.Connor-CSP";
				PRODUCT_NAME = "$(TARGET_NAME)";
				PROVISIONING_PROFILE_SPECIFIER = "";
				SWIFT_VERSION = 4.0;
				TARGETED_DEVICE_FAMILY = "1,2";
			};
			name = Debug;
		};
		AA5D7DD91FA256C100C7DA5D /* Release */ = {
			isa = XCBuildConfiguration;
			buildSettings = {
				ASSETCATALOG_COMPILER_APPICON_NAME = AppIcon;
				"CODE_SIGN_IDENTITY[sdk=iphoneos*]" = "iPhone Developer";
				CODE_SIGN_STYLE = Automatic;
				DEVELOPMENT_TEAM = "";
				INFOPLIST_FILE = "$(SRCROOT)/Resources/Info.plist";
				LD_RUNPATH_SEARCH_PATHS = "$(inherited) @executable_path/Frameworks";
				PRODUCT_BUNDLE_IDENTIFIER = "CTEC.Connor-CSP";
				PRODUCT_NAME = "$(TARGET_NAME)";
				PROVISIONING_PROFILE_SPECIFIER = "";
				SWIFT_VERSION = 4.0;
				TARGETED_DEVICE_FAMILY = "1,2";
			};
			name = Release;
		};
/* End XCBuildConfiguration section */

/* Begin XCConfigurationList section */
		AA5D7DC01FA256C100C7DA5D /* Build configuration list for PBXProject "Connor_CSP" */ = {
			isa = XCConfigurationList;
			buildConfigurations = (
				AA5D7DD51FA256C100C7DA5D /* Debug */,
				AA5D7DD61FA256C100C7DA5D /* Release */,
			);
			defaultConfigurationIsVisible = 0;
			defaultConfigurationName = Release;
		};
		AA5D7DD71FA256C100C7DA5D /* Build configuration list for PBXNativeTarget "Connor_CSP" */ = {
			isa = XCConfigurationList;
			buildConfigurations = (
				AA5D7DD81FA256C100C7DA5D /* Debug */,
				AA5D7DD91FA256C100C7DA5D /* Release */,
			);
			defaultConfigurationIsVisible = 0;
			defaultConfigurationName = Release;
		};
/* End XCConfigurationList section */
	};
	rootObject = AA5D7DBD1FA256C100C7DA5D /* Project object */;
}
